
Microsoft Visual Studio Solution File, Format Version 12.00
# Visual Studio Version 16
VisualStudioVersion = 16.0.32901.82
MinimumVisualStudioVersion = 10.0.40219.1
Project("{FAE04EC0-301F-11D3-BF4B-00C04F79EFBC}") = "SwitchCodeAnalysis_2019", "SwitchCodeAnalysis_2019\SwitchCodeAnalysis_2019.csproj", "{EB393D87-55C7-490A-A1C2-78477BEEC6DE}"
EndProject
Global
	GlobalSection(SolutionConfigurationPlatforms) = preSolution
		Debug|Any CPU = Debug|Any CPU
		Release|Any CPU = Release|Any CPU
	EndGlobalSection
	GlobalSection(ProjectConfigurationPlatforms) = postSolution
		{EB393D87-55C7-490A-A1C2-78477BEEC6DE}.Debug|Any CPU.ActiveCfg = Debug|Any CPU
		{EB393D87-55C7-490A-A1C2-78477BEEC6DE}.Debug|Any CPU.Build.0 = Debug|Any CPU
		{EB393D87-55C7-490A-A1C2-78477BEEC6DE}.Release|Any CPU.ActiveCfg = Release|Any CPU
		{EB393D87-55C7-490A-A1C2-78477BEEC6DE}.Release|Any CPU.Build.0 = Release|Any CPU
	EndGlobalSection
	GlobalSection(SolutionProperties) = preSolution
		HideSolutionNode = FALSE
	EndGlobalSection
	GlobalSection(ExtensibilityGlobals) = postSolution
		SolutionGuid = {E9C3E3F0-224A-4350-A9BE-259B95B95455}
	EndGlobalSection
EndGlobal
